// !$*UTF8*$!
{
	archiveVersion = 1;
	classes = {
	};
	objectVersion = 51;
	objects = {

/* Begin PBXBuildFile section */
		8F3485907BF813B52F4D209D /* Pods_Artable_Admin.framework in Frameworks */ = {isa = PBXBuildFile; fileRef = 22F523369E8293AF12C84972 /* Pods_Artable_Admin.framework */; };
		CD4265A424680F6500193A61 /* LoginVC.swift in Sources */ = {isa = PBXBuildFile; fileRef = CD4265A324680F6500193A61 /* LoginVC.swift */; };
		CD4265A624680F8500193A61 /* RegisterVC.swift in Sources */ = {isa = PBXBuildFile; fileRef = CD4265A524680F8500193A61 /* RegisterVC.swift */; };
		CD4265B2246871F800193A61 /* Extensions.swift in Sources */ = {isa = PBXBuildFile; fileRef = CD4265B1246871F800193A61 /* Extensions.swift */; };
		CD4265B42468723300193A61 /* constants.swift in Sources */ = {isa = PBXBuildFile; fileRef = CD4265B32468723300193A61 /* constants.swift */; };
		CD4265B6246877FD00193A61 /* RoundButton.swift in Sources */ = {isa = PBXBuildFile; fileRef = CD4265B5246877FD00193A61 /* RoundButton.swift */; };
		CD4265B824687B6B00193A61 /* RoundTextField.swift in Sources */ = {isa = PBXBuildFile; fileRef = CD4265B724687B6B00193A61 /* RoundTextField.swift */; };
		CD65B8EF23F722A300DC09A9 /* AppDelegate.swift in Sources */ = {isa = PBXBuildFile; fileRef = CD65B8EE23F722A300DC09A9 /* AppDelegate.swift */; };
		CD65B8F123F722A300DC09A9 /* SceneDelegate.swift in Sources */ = {isa = PBXBuildFile; fileRef = CD65B8F023F722A300DC09A9 /* SceneDelegate.swift */; };
		CD65B8F323F722A300DC09A9 /* HomeVC.swift in Sources */ = {isa = PBXBuildFile; fileRef = CD65B8F223F722A300DC09A9 /* HomeVC.swift */; };
		CD65B8F623F722A300DC09A9 /* Main.storyboard in Resources */ = {isa = PBXBuildFile; fileRef = CD65B8F423F722A300DC09A9 /* Main.storyboard */; };
		CD65B8F823F722A500DC09A9 /* Assets.xcassets in Resources */ = {isa = PBXBuildFile; fileRef = CD65B8F723F722A500DC09A9 /* Assets.xcassets */; };
		CD65B8FB23F722A500DC09A9 /* LaunchScreen.storyboard in Resources */ = {isa = PBXBuildFile; fileRef = CD65B8F923F722A500DC09A9 /* LaunchScreen.storyboard */; };
		CD65B90C23F7233700DC09A9 /* AppDelegate.swift in Sources */ = {isa = PBXBuildFile; fileRef = CD65B90B23F7233700DC09A9 /* AppDelegate.swift */; };
		CD65B90E23F7233700DC09A9 /* SceneDelegate.swift in Sources */ = {isa = PBXBuildFile; fileRef = CD65B90D23F7233700DC09A9 /* SceneDelegate.swift */; };
		CD65B91023F7233700DC09A9 /* ViewController.swift in Sources */ = {isa = PBXBuildFile; fileRef = CD65B90F23F7233700DC09A9 /* ViewController.swift */; };
		CD65B91323F7233700DC09A9 /* Main.storyboard in Resources */ = {isa = PBXBuildFile; fileRef = CD65B91123F7233700DC09A9 /* Main.storyboard */; };
		CD65B91823F7233900DC09A9 /* LaunchScreen.storyboard in Resources */ = {isa = PBXBuildFile; fileRef = CD65B91623F7233900DC09A9 /* LaunchScreen.storyboard */; };
		CD65B91E23F7237700DC09A9 /* Assets.xcassets in Resources */ = {isa = PBXBuildFile; fileRef = CD65B8F723F722A500DC09A9 /* Assets.xcassets */; };
		CD717194246ABCEE00AD0487 /* ForgotPasswordVC.swift in Sources */ = {isa = PBXBuildFile; fileRef = CD717192246ABCEE00AD0487 /* ForgotPasswordVC.swift */; };
		CD717195246ABCEE00AD0487 /* ForgotPasswordVC.xib in Resources */ = {isa = PBXBuildFile; fileRef = CD717193246ABCEE00AD0487 /* ForgotPasswordVC.xib */; };
		CD9AEC7D246A92C900269269 /* RoundedViews.swift in Sources */ = {isa = PBXBuildFile; fileRef = CD9AEC7C246A92C900269269 /* RoundedViews.swift */; };
		CDE5D6452467E65D00876F71 /* LoginStoryboard.storyboard in Resources */ = {isa = PBXBuildFile; fileRef = CDE5D6442467E65D00876F71 /* LoginStoryboard.storyboard */; };
		CDE5D6472468033100876F71 /* GoogleService-Info.plist in Resources */ = {isa = PBXBuildFile; fileRef = CDE5D6462468033100876F71 /* GoogleService-Info.plist */; };
		E8B08E87BEED2D2CBEFE14FA /* Pods_Artable_eCommerce.framework in Frameworks */ = {isa = PBXBuildFile; fileRef = 0F2C318122613F68EB7C10D4 /* Pods_Artable_eCommerce.framework */; };
/* End PBXBuildFile section */

/* Begin PBXFileReference section */
		0F2C318122613F68EB7C10D4 /* Pods_Artable_eCommerce.framework */ = {isa = PBXFileReference; explicitFileType = wrapper.framework; includeInIndex = 0; path = Pods_Artable_eCommerce.framework; sourceTree = BUILT_PRODUCTS_DIR; };
		22F523369E8293AF12C84972 /* Pods_Artable_Admin.framework */ = {isa = PBXFileReference; explicitFileType = wrapper.framework; includeInIndex = 0; path = Pods_Artable_Admin.framework; sourceTree = BUILT_PRODUCTS_DIR; };
		5E48F26B96BDF349D3DF88E9 /* Pods-Artable-Admin.debug.xcconfig */ = {isa = PBXFileReference; includeInIndex = 1; lastKnownFileType = text.xcconfig; name = "Pods-Artable-Admin.debug.xcconfig"; path = "Pods/Target Support Files/Pods-Artable-Admin/Pods-Artable-Admin.debug.xcconfig"; sourceTree = "<group>"; };
		96ACD4CED6628676E2325D58 /* Pods-Artable-Admin.release.xcconfig */ = {isa = PBXFileReference; includeInIndex = 1; lastKnownFileType = text.xcconfig; name = "Pods-Artable-Admin.release.xcconfig"; path = "Pods/Target Support Files/Pods-Artable-Admin/Pods-Artable-Admin.release.xcconfig"; sourceTree = "<group>"; };
		CD4265A324680F6500193A61 /* LoginVC.swift */ = {isa = PBXFileReference; lastKnownFileType = sourcecode.swift; path = LoginVC.swift; sourceTree = "<group>"; };
		CD4265A524680F8500193A61 /* RegisterVC.swift */ = {isa = PBXFileReference; lastKnownFileType = sourcecode.swift; path = RegisterVC.swift; sourceTree = "<group>"; };
		CD4265B1246871F800193A61 /* Extensions.swift */ = {isa = PBXFileReference; lastKnownFileType = sourcecode.swift; path = Extensions.swift; sourceTree = "<group>"; };
		CD4265B32468723300193A61 /* constants.swift */ = {isa = PBXFileReference; lastKnownFileType = sourcecode.swift; path = constants.swift; sourceTree = "<group>"; };
		CD4265B5246877FD00193A61 /* RoundButton.swift */ = {isa = PBXFileReference; lastKnownFileType = sourcecode.swift; path = RoundButton.swift; sourceTree = "<group>"; };
		CD4265B724687B6B00193A61 /* RoundTextField.swift */ = {isa = PBXFileReference; lastKnownFileType = sourcecode.swift; path = RoundTextField.swift; sourceTree = "<group>"; };
		CD65B8EB23F722A300DC09A9 /* Artable eCommerce.app */ = {isa = PBXFileReference; explicitFileType = wrapper.application; includeInIndex = 0; path = "Artable eCommerce.app"; sourceTree = BUILT_PRODUCTS_DIR; };
		CD65B8EE23F722A300DC09A9 /* AppDelegate.swift */ = {isa = PBXFileReference; lastKnownFileType = sourcecode.swift; path = AppDelegate.swift; sourceTree = "<group>"; };
		CD65B8F023F722A300DC09A9 /* SceneDelegate.swift */ = {isa = PBXFileReference; lastKnownFileType = sourcecode.swift; path = SceneDelegate.swift; sourceTree = "<group>"; };
		CD65B8F223F722A300DC09A9 /* HomeVC.swift */ = {isa = PBXFileReference; lastKnownFileType = sourcecode.swift; path = HomeVC.swift; sourceTree = "<group>"; };
		CD65B8F523F722A300DC09A9 /* Base */ = {isa = PBXFileReference; lastKnownFileType = file.storyboard; name = Base; path = Base.lproj/Main.storyboard; sourceTree = "<group>"; };
		CD65B8F723F722A500DC09A9 /* Assets.xcassets */ = {isa = PBXFileReference; lastKnownFileType = folder.assetcatalog; path = Assets.xcassets; sourceTree = "<group>"; };
		CD65B8FA23F722A500DC09A9 /* Base */ = {isa = PBXFileReference; lastKnownFileType = file.storyboard; name = Base; path = Base.lproj/LaunchScreen.storyboard; sourceTree = "<group>"; };
		CD65B8FC23F722A500DC09A9 /* Info.plist */ = {isa = PBXFileReference; lastKnownFileType = text.plist.xml; path = Info.plist; sourceTree = "<group>"; };
		CD65B90923F7233700DC09A9 /* Artable-Admin.app */ = {isa = PBXFileReference; explicitFileType = wrapper.application; includeInIndex = 0; path = "Artable-Admin.app"; sourceTree = BUILT_PRODUCTS_DIR; };
		CD65B90B23F7233700DC09A9 /* AppDelegate.swift */ = {isa = PBXFileReference; lastKnownFileType = sourcecode.swift; path = AppDelegate.swift; sourceTree = "<group>"; };
		CD65B90D23F7233700DC09A9 /* SceneDelegate.swift */ = {isa = PBXFileReference; lastKnownFileType = sourcecode.swift; path = SceneDelegate.swift; sourceTree = "<group>"; };
		CD65B90F23F7233700DC09A9 /* ViewController.swift */ = {isa = PBXFileReference; lastKnownFileType = sourcecode.swift; path = ViewController.swift; sourceTree = "<group>"; };
		CD65B91223F7233700DC09A9 /* Base */ = {isa = PBXFileReference; lastKnownFileType = file.storyboard; name = Base; path = Base.lproj/Main.storyboard; sourceTree = "<group>"; };
		CD65B91723F7233900DC09A9 /* Base */ = {isa = PBXFileReference; lastKnownFileType = file.storyboard; name = Base; path = Base.lproj/LaunchScreen.storyboard; sourceTree = "<group>"; };
		CD65B91923F7233900DC09A9 /* Info.plist */ = {isa = PBXFileReference; lastKnownFileType = text.plist.xml; path = Info.plist; sourceTree = "<group>"; };
		CD717192246ABCEE00AD0487 /* ForgotPasswordVC.swift */ = {isa = PBXFileReference; lastKnownFileType = sourcecode.swift; path = ForgotPasswordVC.swift; sourceTree = "<group>"; };
		CD717193246ABCEE00AD0487 /* ForgotPasswordVC.xib */ = {isa = PBXFileReference; lastKnownFileType = file.xib; path = ForgotPasswordVC.xib; sourceTree = "<group>"; };
		CD9AEC7C246A92C900269269 /* RoundedViews.swift */ = {isa = PBXFileReference; lastKnownFileType = sourcecode.swift; path = RoundedViews.swift; sourceTree = "<group>"; };
		CDE5D6442467E65D00876F71 /* LoginStoryboard.storyboard */ = {isa = PBXFileReference; lastKnownFileType = file.storyboard; path = LoginStoryboard.storyboard; sourceTree = "<group>"; };
		CDE5D6462468033100876F71 /* GoogleService-Info.plist */ = {isa = PBXFileReference; fileEncoding = 4; lastKnownFileType = text.plist.xml; path = "GoogleService-Info.plist"; sourceTree = "<group>"; };
		F7CDBA6AF20E76DE50E7F0DD /* Pods-Artable eCommerce.release.xcconfig */ = {isa = PBXFileReference; includeInIndex = 1; lastKnownFileType = text.xcconfig; name = "Pods-Artable eCommerce.release.xcconfig"; path = "Pods/Target Support Files/Pods-Artable eCommerce/Pods-Artable eCommerce.release.xcconfig"; sourceTree = "<group>"; };
		F804AD8944568EE601A0B3A3 /* Pods-Artable eCommerce.debug.xcconfig */ = {isa = PBXFileReference; includeInIndex = 1; lastKnownFileType = text.xcconfig; name = "Pods-Artable eCommerce.debug.xcconfig"; path = "Pods/Target Support Files/Pods-Artable eCommerce/Pods-Artable eCommerce.debug.xcconfig"; sourceTree = "<group>"; };
/* End PBXFileReference section */

/* Begin PBXFrameworksBuildPhase section */
		CD65B8E823F722A300DC09A9 /* Frameworks */ = {
			isa = PBXFrameworksBuildPhase;
			buildActionMask = 2147483647;
			files = (
				E8B08E87BEED2D2CBEFE14FA /* Pods_Artable_eCommerce.framework in Frameworks */,
			);
			runOnlyForDeploymentPostprocessing = 0;
		};
		CD65B90623F7233700DC09A9 /* Frameworks */ = {
			isa = PBXFrameworksBuildPhase;
			buildActionMask = 2147483647;
			files = (
				8F3485907BF813B52F4D209D /* Pods_Artable_Admin.framework in Frameworks */,
			);
			runOnlyForDeploymentPostprocessing = 0;
		};
/* End PBXFrameworksBuildPhase section */

/* Begin PBXGroup section */
		CD4265A224680EC700193A61 /* Storyboards */ = {
			isa = PBXGroup;
			children = (
				CD65B8F423F722A300DC09A9 /* Main.storyboard */,
				CD65B8F923F722A500DC09A9 /* LaunchScreen.storyboard */,
				CDE5D6442467E65D00876F71 /* LoginStoryboard.storyboard */,
			);
			path = Storyboards;
			sourceTree = "<group>";
		};
		CD4265B024686EE000193A61 /* Utils */ = {
			isa = PBXGroup;
			children = (
				CD4265B1246871F800193A61 /* Extensions.swift */,
				CD4265B32468723300193A61 /* constants.swift */,
			);
			path = Utils;
			sourceTree = "<group>";
		};
		CD65B8E223F722A300DC09A9 = {
			isa = PBXGroup;
			children = (
				CD65B91D23F7234E00DC09A9 /* Shared */,
				CD65B8ED23F722A300DC09A9 /* Artable eCommerce */,
				CD65B90A23F7233700DC09A9 /* Artable-Admin */,
				CD65B8EC23F722A300DC09A9 /* Products */,
				FD9D629D5BC30AC7E7EB2E02 /* Pods */,
				F06D3873C0867117D171A59C /* Frameworks */,
			);
			sourceTree = "<group>";
		};
		CD65B8EC23F722A300DC09A9 /* Products */ = {
			isa = PBXGroup;
			children = (
				CD65B8EB23F722A300DC09A9 /* Artable eCommerce.app */,
				CD65B90923F7233700DC09A9 /* Artable-Admin.app */,
			);
			name = Products;
			sourceTree = "<group>";
		};
		CD65B8ED23F722A300DC09A9 /* Artable eCommerce */ = {
			isa = PBXGroup;
			children = (
				CD717191246ABCA300AD0487 /* XIBs */,
				CD65B90223F722C300DC09A9 /* Model */,
				CD65B90323F722D000DC09A9 /* View */,
				CD65B90423F722D800DC09A9 /* Controller */,
				CD4265A224680EC700193A61 /* Storyboards */,
				CD65B8FC23F722A500DC09A9 /* Info.plist */,
				CDE5D6462468033100876F71 /* GoogleService-Info.plist */,
			);
			path = "Artable eCommerce";
			sourceTree = "<group>";
		};
		CD65B90223F722C300DC09A9 /* Model */ = {
			isa = PBXGroup;
			children = (
			);
			path = Model;
			sourceTree = "<group>";
		};
		CD65B90323F722D000DC09A9 /* View */ = {
			isa = PBXGroup;
			children = (
			);
			path = View;
			sourceTree = "<group>";
		};
		CD65B90423F722D800DC09A9 /* Controller */ = {
			isa = PBXGroup;
			children = (
				CD65B8EE23F722A300DC09A9 /* AppDelegate.swift */,
				CD65B8F023F722A300DC09A9 /* SceneDelegate.swift */,
				CD65B8F223F722A300DC09A9 /* HomeVC.swift */,
				CD4265A324680F6500193A61 /* LoginVC.swift */,
				CD4265A524680F8500193A61 /* RegisterVC.swift */,
			);
			path = Controller;
			sourceTree = "<group>";
		};
		CD65B90A23F7233700DC09A9 /* Artable-Admin */ = {
			isa = PBXGroup;
			children = (
				CD65B90B23F7233700DC09A9 /* AppDelegate.swift */,
				CD65B90D23F7233700DC09A9 /* SceneDelegate.swift */,
				CD65B90F23F7233700DC09A9 /* ViewController.swift */,
				CD65B91123F7233700DC09A9 /* Main.storyboard */,
				CD65B91623F7233900DC09A9 /* LaunchScreen.storyboard */,
				CD65B91923F7233900DC09A9 /* Info.plist */,
			);
			path = "Artable-Admin";
			sourceTree = "<group>";
		};
		CD65B91D23F7234E00DC09A9 /* Shared */ = {
			isa = PBXGroup;
			children = (
				CD9AEC7B246A913500269269 /* View */,
				CD4265B024686EE000193A61 /* Utils */,
				CD65B8F723F722A500DC09A9 /* Assets.xcassets */,
			);
			path = Shared;
			sourceTree = "<group>";
		};
		CD717191246ABCA300AD0487 /* XIBs */ = {
			isa = PBXGroup;
			children = (
				CD717192246ABCEE00AD0487 /* ForgotPasswordVC.swift */,
				CD717193246ABCEE00AD0487 /* ForgotPasswordVC.xib */,
			);
			path = XIBs;
			sourceTree = "<group>";
		};
		CD9AEC7B246A913500269269 /* View */ = {
			isa = PBXGroup;
			children = (
				CD4265B5246877FD00193A61 /* RoundButton.swift */,
				CD4265B724687B6B00193A61 /* RoundTextField.swift */,
				CD9AEC7C246A92C900269269 /* RoundedViews.swift */,
			);
			path = View;
			sourceTree = "<group>";
		};
		F06D3873C0867117D171A59C /* Frameworks */ = {
			isa = PBXGroup;
			children = (
				0F2C318122613F68EB7C10D4 /* Pods_Artable_eCommerce.framework */,
				22F523369E8293AF12C84972 /* Pods_Artable_Admin.framework */,
			);
			name = Frameworks;
			sourceTree = "<group>";
		};
		FD9D629D5BC30AC7E7EB2E02 /* Pods */ = {
			isa = PBXGroup;
			children = (
				F804AD8944568EE601A0B3A3 /* Pods-Artable eCommerce.debug.xcconfig */,
				F7CDBA6AF20E76DE50E7F0DD /* Pods-Artable eCommerce.release.xcconfig */,
				5E48F26B96BDF349D3DF88E9 /* Pods-Artable-Admin.debug.xcconfig */,
				96ACD4CED6628676E2325D58 /* Pods-Artable-Admin.release.xcconfig */,
			);
			name = Pods;
			sourceTree = "<group>";
		};
/* End PBXGroup section */

/* Begin PBXNativeTarget section */
		CD65B8EA23F722A300DC09A9 /* Artable eCommerce */ = {
			isa = PBXNativeTarget;
			buildConfigurationList = CD65B8FF23F722A500DC09A9 /* Build configuration list for PBXNativeTarget "Artable eCommerce" */;
			buildPhases = (
				53386AAE310028904B3F9DAD /* [CP] Check Pods Manifest.lock */,
				CD65B8E723F722A300DC09A9 /* Sources */,
				CD65B8E823F722A300DC09A9 /* Frameworks */,
				CD65B8E923F722A300DC09A9 /* Resources */,
				602D70BFDC70B23308843179 /* [CP] Embed Pods Frameworks */,
			);
			buildRules = (
			);
			dependencies = (
			);
			name = "Artable eCommerce";
			productName = "Artable eCommerce";
			productReference = CD65B8EB23F722A300DC09A9 /* Artable eCommerce.app */;
			productType = "com.apple.product-type.application";
		};
		CD65B90823F7233700DC09A9 /* Artable-Admin */ = {
			isa = PBXNativeTarget;
			buildConfigurationList = CD65B91A23F7233900DC09A9 /* Build configuration list for PBXNativeTarget "Artable-Admin" */;
			buildPhases = (
				08951725768803815C842C6D /* [CP] Check Pods Manifest.lock */,
				CD65B90523F7233700DC09A9 /* Sources */,
				CD65B90623F7233700DC09A9 /* Frameworks */,
				CD65B90723F7233700DC09A9 /* Resources */,
				968822098103EB70A0694688 /* [CP] Embed Pods Frameworks */,
			);
			buildRules = (
			);
			dependencies = (
			);
			name = "Artable-Admin";
			productName = "Artable-Admin";
			productReference = CD65B90923F7233700DC09A9 /* Artable-Admin.app */;
			productType = "com.apple.product-type.application";
		};
/* End PBXNativeTarget section */

/* Begin PBXProject section */
		CD65B8E323F722A300DC09A9 /* Project object */ = {
			isa = PBXProject;
			attributes = {
				LastSwiftUpdateCheck = 1120;
				LastUpgradeCheck = 1120;
				ORGANIZATIONNAME = "Shwetansh Srivastava";
				TargetAttributes = {
					CD65B8EA23F722A300DC09A9 = {
						CreatedOnToolsVersion = 11.2;
					};
					CD65B90823F7233700DC09A9 = {
						CreatedOnToolsVersion = 11.2;
					};
				};
			};
			buildConfigurationList = CD65B8E623F722A300DC09A9 /* Build configuration list for PBXProject "Artable eCommerce" */;
			compatibilityVersion = "Xcode 9.3";
			developmentRegion = en;
			hasScannedForEncodings = 0;
			knownRegions = (
				en,
				Base,
			);
			mainGroup = CD65B8E223F722A300DC09A9;
			productRefGroup = CD65B8EC23F722A300DC09A9 /* Products */;
			projectDirPath = "";
			projectRoot = "";
			targets = (
				CD65B8EA23F722A300DC09A9 /* Artable eCommerce */,
				CD65B90823F7233700DC09A9 /* Artable-Admin */,
			);
		};
/* End PBXProject section */

/* Begin PBXResourcesBuildPhase section */
		CD65B8E923F722A300DC09A9 /* Resources */ = {
			isa = PBXResourcesBuildPhase;
			buildActionMask = 2147483647;
			files = (
				CD65B8FB23F722A500DC09A9 /* LaunchScreen.storyboard in Resources */,
				CD65B8F823F722A500DC09A9 /* Assets.xcassets in Resources */,
				CDE5D6472468033100876F71 /* GoogleService-Info.plist in Resources */,
				CD65B8F623F722A300DC09A9 /* Main.storyboard in Resources */,
				CD717195246ABCEE00AD0487 /* ForgotPasswordVC.xib in Resources */,
				CDE5D6452467E65D00876F71 /* LoginStoryboard.storyboard in Resources */,
			);
			runOnlyForDeploymentPostprocessing = 0;
		};
		CD65B90723F7233700DC09A9 /* Resources */ = {
			isa = PBXResourcesBuildPhase;
			buildActionMask = 2147483647;
			files = (
				CD65B91823F7233900DC09A9 /* LaunchScreen.storyboard in Resources */,
				CD65B91E23F7237700DC09A9 /* Assets.xcassets in Resources */,
				CD65B91323F7233700DC09A9 /* Main.storyboard in Resources */,
			);
			runOnlyForDeploymentPostprocessing = 0;
		};
/* End PBXResourcesBuildPhase section */

/* Begin PBXShellScriptBuildPhase section */
		08951725768803815C842C6D /* [CP] Check Pods Manifest.lock */ = {
			isa = PBXShellScriptBuildPhase;
			buildActionMask = 2147483647;
			files = (
			);
			inputPaths = (
				"${PODS_PODFILE_DIR_PATH}/Podfile.lock",
				"${PODS_ROOT}/Manifest.lock",
			);
			name = "[CP] Check Pods Manifest.lock";
			outputPaths = (
				"$(DERIVED_FILE_DIR)/Pods-Artable-Admin-checkManifestLockResult.txt",
			);
			runOnlyForDeploymentPostprocessing = 0;
			shellPath = /bin/sh;
			shellScript = "diff \"${PODS_PODFILE_DIR_PATH}/Podfile.lock\" \"${PODS_ROOT}/Manifest.lock\" > /dev/null\nif [ $? != 0 ] ; then\n    # print error to STDERR\n    echo \"error: The sandbox is not in sync with the Podfile.lock. Run 'pod install' or update your CocoaPods installation.\" >&2\n    exit 1\nfi\n# This output is used by Xcode 'outputs' to avoid re-running this script phase.\necho \"SUCCESS\" > \"${SCRIPT_OUTPUT_FILE_0}\"\n";
			showEnvVarsInLog = 0;
		};
		53386AAE310028904B3F9DAD /* [CP] Check Pods Manifest.lock */ = {
			isa = PBXShellScriptBuildPhase;
			buildActionMask = 2147483647;
			files = (
			);
			inputPaths = (
				"${PODS_PODFILE_DIR_PATH}/Podfile.lock",
				"${PODS_ROOT}/Manifest.lock",
			);
			name = "[CP] Check Pods Manifest.lock";
			outputPaths = (
				"$(DERIVED_FILE_DIR)/Pods-Artable eCommerce-checkManifestLockResult.txt",
			);
			runOnlyForDeploymentPostprocessing = 0;
			shellPath = /bin/sh;
			shellScript = "diff \"${PODS_PODFILE_DIR_PATH}/Podfile.lock\" \"${PODS_ROOT}/Manifest.lock\" > /dev/null\nif [ $? != 0 ] ; then\n    # print error to STDERR\n    echo \"error: The sandbox is not in sync with the Podfile.lock. Run 'pod install' or update your CocoaPods installation.\" >&2\n    exit 1\nfi\n# This output is used by Xcode 'outputs' to avoid re-running this script phase.\necho \"SUCCESS\" > \"${SCRIPT_OUTPUT_FILE_0}\"\n";
			showEnvVarsInLog = 0;
		};
		602D70BFDC70B23308843179 /* [CP] Embed Pods Frameworks */ = {
			isa = PBXShellScriptBuildPhase;
			buildActionMask = 2147483647;
			files = (
			);
			inputFileListPaths = (
				"${PODS_ROOT}/Target Support Files/Pods-Artable eCommerce/Pods-Artable eCommerce-frameworks-${CONFIGURATION}-input-files.xcfilelist",
			);
			name = "[CP] Embed Pods Frameworks";
			outputFileListPaths = (
				"${PODS_ROOT}/Target Support Files/Pods-Artable eCommerce/Pods-Artable eCommerce-frameworks-${CONFIGURATION}-output-files.xcfilelist",
			);
			runOnlyForDeploymentPostprocessing = 0;
			shellPath = /bin/sh;
			shellScript = "\"${PODS_ROOT}/Target Support Files/Pods-Artable eCommerce/Pods-Artable eCommerce-frameworks.sh\"\n";
			showEnvVarsInLog = 0;
		};
		968822098103EB70A0694688 /* [CP] Embed Pods Frameworks */ = {
			isa = PBXShellScriptBuildPhase;
			buildActionMask = 2147483647;
			files = (
			);
			inputFileListPaths = (
				"${PODS_ROOT}/Target Support Files/Pods-Artable-Admin/Pods-Artable-Admin-frameworks-${CONFIGURATION}-input-files.xcfilelist",
			);
			name = "[CP] Embed Pods Frameworks";
			outputFileListPaths = (
				"${PODS_ROOT}/Target Support Files/Pods-Artable-Admin/Pods-Artable-Admin-frameworks-${CONFIGURATION}-output-files.xcfilelist",
			);
			runOnlyForDeploymentPostprocessing = 0;
			shellPath = /bin/sh;
			shellScript = "\"${PODS_ROOT}/Target Support Files/Pods-Artable-Admin/Pods-Artable-Admin-frameworks.sh\"\n";
			showEnvVarsInLog = 0;
		};
/* End PBXShellScriptBuildPhase section */

/* Begin PBXSourcesBuildPhase section */
		CD65B8E723F722A300DC09A9 /* Sources */ = {
			isa = PBXSourcesBuildPhase;
			buildActionMask = 2147483647;
			files = (
				CD4265B6246877FD00193A61 /* RoundButton.swift in Sources */,
				CD65B8F323F722A300DC09A9 /* HomeVC.swift in Sources */,
				CD9AEC7D246A92C900269269 /* RoundedViews.swift in Sources */,
				CD717194246ABCEE00AD0487 /* ForgotPasswordVC.swift in Sources */,
				CD65B8EF23F722A300DC09A9 /* AppDelegate.swift in Sources */,
				CD4265B2246871F800193A61 /* Extensions.swift in Sources */,
				CD4265B42468723300193A61 /* constants.swift in Sources */,
				CD4265A424680F6500193A61 /* LoginVC.swift in Sources */,
				CD65B8F123F722A300DC09A9 /* SceneDelegate.swift in Sources */,
				CD4265B824687B6B00193A61 /* RoundTextField.swift in Sources */,
				CD4265A624680F8500193A61 /* RegisterVC.swift in Sources */,
			);
			runOnlyForDeploymentPostprocessing = 0;
		};
		CD65B90523F7233700DC09A9 /* Sources */ = {
			isa = PBXSourcesBuildPhase;
			buildActionMask = 2147483647;
			files = (
				CD65B91023F7233700DC09A9 /* ViewController.swift in Sources */,
				CD65B90C23F7233700DC09A9 /* AppDelegate.swift in Sources */,
				CD65B90E23F7233700DC09A9 /* SceneDelegate.swift in Sources */,
			);
			runOnlyForDeploymentPostprocessing = 0;
		};
/* End PBXSourcesBuildPhase section */

/* Begin PBXVariantGroup section */
		CD65B8F423F722A300DC09A9 /* Main.storyboard */ = {
			isa = PBXVariantGroup;
			children = (
				CD65B8F523F722A300DC09A9 /* Base */,
			);
			name = Main.storyboard;
			sourceTree = "<group>";
		};
		CD65B8F923F722A500DC09A9 /* LaunchScreen.storyboard */ = {
			isa = PBXVariantGroup;
			children = (
				CD65B8FA23F722A500DC09A9 /* Base */,
			);
			name = LaunchScreen.storyboard;
			sourceTree = "<group>";
		};
		CD65B91123F7233700DC09A9 /* Main.storyboard */ = {
			isa = PBXVariantGroup;
			children = (
				CD65B91223F7233700DC09A9 /* Base */,
			);
			name = Main.storyboard;
			sourceTree = "<group>";
		};
		CD65B91623F7233900DC09A9 /* LaunchScreen.storyboard */ = {
			isa = PBXVariantGroup;
			children = (
				CD65B91723F7233900DC09A9 /* Base */,
			);
			name = LaunchScreen.storyboard;
			sourceTree = "<group>";
		};
/* End PBXVariantGroup section */

/* Begin XCBuildConfiguration section */
		CD65B8FD23F722A500DC09A9 /* Debug */ = {
			isa = XCBuildConfiguration;
			buildSettings = {
				ALWAYS_SEARCH_USER_PATHS = NO;
				CLANG_ANALYZER_NONNULL = YES;
				CLANG_ANALYZER_NUMBER_OBJECT_CONVERSION = YES_AGGRESSIVE;
				CLANG_CXX_LANGUAGE_STANDARD = "gnu++14";
				CLANG_CXX_LIBRARY = "libc++";
				CLANG_ENABLE_MODULES = YES;
				CLANG_ENABLE_OBJC_ARC = YES;
				CLANG_ENABLE_OBJC_WEAK = YES;
				CLANG_WARN_BLOCK_CAPTURE_AUTORELEASING = YES;
				CLANG_WARN_BOOL_CONVERSION = YES;
				CLANG_WARN_COMMA = YES;
				CLANG_WARN_CONSTANT_CONVERSION = YES;
				CLANG_WARN_DEPRECATED_OBJC_IMPLEMENTATIONS = YES;
				CLANG_WARN_DIRECT_OBJC_ISA_USAGE = YES_ERROR;
				CLANG_WARN_DOCUMENTATION_COMMENTS = YES;
				CLANG_WARN_EMPTY_BODY = YES;
				CLANG_WARN_ENUM_CONVERSION = YES;
				CLANG_WARN_INFINITE_RECURSION = YES;
				CLANG_WARN_INT_CONVERSION = YES;
				CLANG_WARN_NON_LITERAL_NULL_CONVERSION = YES;
				CLANG_WARN_OBJC_IMPLICIT_RETAIN_SELF = YES;
				CLANG_WARN_OBJC_LITERAL_CONVERSION = YES;
				CLANG_WARN_OBJC_ROOT_CLASS = YES_ERROR;
				CLANG_WARN_RANGE_LOOP_ANALYSIS = YES;
				CLANG_WARN_STRICT_PROTOTYPES = YES;
				CLANG_WARN_SUSPICIOUS_MOVE = YES;
				CLANG_WARN_UNGUARDED_AVAILABILITY = YES_AGGRESSIVE;
				CLANG_WARN_UNREACHABLE_CODE = YES;
				CLANG_WARN__DUPLICATE_METHOD_MATCH = YES;
				COPY_PHASE_STRIP = NO;
				DEBUG_INFORMATION_FORMAT = dwarf;
				ENABLE_STRICT_OBJC_MSGSEND = YES;
				ENABLE_TESTABILITY = YES;
				GCC_C_LANGUAGE_STANDARD = gnu11;
				GCC_DYNAMIC_NO_PIC = NO;
				GCC_NO_COMMON_BLOCKS = YES;
				GCC_OPTIMIZATION_LEVEL = 0;
				GCC_PREPROCESSOR_DEFINITIONS = (
					"DEBUG=1",
					"$(inherited)",
				);
				GCC_WARN_64_TO_32_BIT_CONVERSION = YES;
				GCC_WARN_ABOUT_RETURN_TYPE = YES_ERROR;
				GCC_WARN_UNDECLARED_SELECTOR = YES;
				GCC_WARN_UNINITIALIZED_AUTOS = YES_AGGRESSIVE;
				GCC_WARN_UNUSED_FUNCTION = YES;
				GCC_WARN_UNUSED_VARIABLE = YES;
				IPHONEOS_DEPLOYMENT_TARGET = 13.2;
				MTL_ENABLE_DEBUG_INFO = INCLUDE_SOURCE;
				MTL_FAST_MATH = YES;
				ONLY_ACTIVE_ARCH = YES;
				SDKROOT = iphoneos;
				SWIFT_ACTIVE_COMPILATION_CONDITIONS = DEBUG;
				SWIFT_OPTIMIZATION_LEVEL = "-Onone";
			};
			name = Debug;
		};
		CD65B8FE23F722A500DC09A9 /* Release */ = {
			isa = XCBuildConfiguration;
			buildSettings = {
				ALWAYS_SEARCH_USER_PATHS = NO;
				CLANG_ANALYZER_NONNULL = YES;
				CLANG_ANALYZER_NUMBER_OBJECT_CONVERSION = YES_AGGRESSIVE;
				CLANG_CXX_LANGUAGE_STANDARD = "gnu++14";
				CLANG_CXX_LIBRARY = "libc++";
				CLANG_ENABLE_MODULES = YES;
				CLANG_ENABLE_OBJC_ARC = YES;
				CLANG_ENABLE_OBJC_WEAK = YES;
				CLANG_WARN_BLOCK_CAPTURE_AUTORELEASING = YES;
				CLANG_WARN_BOOL_CONVERSION = YES;
				CLANG_WARN_COMMA = YES;
				CLANG_WARN_CONSTANT_CONVERSION = YES;
				CLANG_WARN_DEPRECATED_OBJC_IMPLEMENTATIONS = YES;
				CLANG_WARN_DIRECT_OBJC_ISA_USAGE = YES_ERROR;
				CLANG_WARN_DOCUMENTATION_COMMENTS = YES;
				CLANG_WARN_EMPTY_BODY = YES;
				CLANG_WARN_ENUM_CONVERSION = YES;
				CLANG_WARN_INFINITE_RECURSION = YES;
				CLANG_WARN_INT_CONVERSION = YES;
				CLANG_WARN_NON_LITERAL_NULL_CONVERSION = YES;
				CLANG_WARN_OBJC_IMPLICIT_RETAIN_SELF = YES;
				CLANG_WARN_OBJC_LITERAL_CONVERSION = YES;
				CLANG_WARN_OBJC_ROOT_CLASS = YES_ERROR;
				CLANG_WARN_RANGE_LOOP_ANALYSIS = YES;
				CLANG_WARN_STRICT_PROTOTYPES = YES;
				CLANG_WARN_SUSPICIOUS_MOVE = YES;
				CLANG_WARN_UNGUARDED_AVAILABILITY = YES_AGGRESSIVE;
				CLANG_WARN_UNREACHABLE_CODE = YES;
				CLANG_WARN__DUPLICATE_METHOD_MATCH = YES;
				COPY_PHASE_STRIP = NO;
				DEBUG_INFORMATION_FORMAT = "dwarf-with-dsym";
				ENABLE_NS_ASSERTIONS = NO;
				ENABLE_STRICT_OBJC_MSGSEND = YES;
				GCC_C_LANGUAGE_STANDARD = gnu11;
				GCC_NO_COMMON_BLOCKS = YES;
				GCC_WARN_64_TO_32_BIT_CONVERSION = YES;
				GCC_WARN_ABOUT_RETURN_TYPE = YES_ERROR;
				GCC_WARN_UNDECLARED_SELECTOR = YES;
				GCC_WARN_UNINITIALIZED_AUTOS = YES_AGGRESSIVE;
				GCC_WARN_UNUSED_FUNCTION = YES;
				GCC_WARN_UNUSED_VARIABLE = YES;
				IPHONEOS_DEPLOYMENT_TARGET = 13.2;
				MTL_ENABLE_DEBUG_INFO = NO;
				MTL_FAST_MATH = YES;
				SDKROOT = iphoneos;
				SWIFT_COMPILATION_MODE = wholemodule;
				SWIFT_OPTIMIZATION_LEVEL = "-O";
				VALIDATE_PRODUCT = YES;
			};
			name = Release;
		};
		CD65B90023F722A500DC09A9 /* Debug */ = {
			isa = XCBuildConfiguration;
			baseConfigurationReference = F804AD8944568EE601A0B3A3 /* Pods-Artable eCommerce.debug.xcconfig */;
			buildSettings = {
				ASSETCATALOG_COMPILER_APPICON_NAME = AppIcon;
				CODE_SIGN_STYLE = Automatic;
				DEVELOPMENT_TEAM = U9YKLAHM35;
				INFOPLIST_FILE = "Artable eCommerce/Info.plist";
				IPHONEOS_DEPLOYMENT_TARGET = 13.2;
				LD_RUNPATH_SEARCH_PATHS = (
					"$(inherited)",
					"@executable_path/Frameworks",
				);
				PRODUCT_BUNDLE_IDENTIFIER = "com.shwetansh.Artable-eCommerce";
				PRODUCT_NAME = "$(TARGET_NAME)";
				SWIFT_VERSION = 5.0;
				TARGETED_DEVICE_FAMILY = "1,2";
			};
			name = Debug;
		};
		CD65B90123F722A500DC09A9 /* Release */ = {
			isa = XCBuildConfiguration;
			baseConfigurationReference = F7CDBA6AF20E76DE50E7F0DD /* Pods-Artable eCommerce.release.xcconfig */;
			buildSettings = {
				ASSETCATALOG_COMPILER_APPICON_NAME = AppIcon;
				CODE_SIGN_STYLE = Automatic;
				DEVELOPMENT_TEAM = U9YKLAHM35;
				INFOPLIST_FILE = "Artable eCommerce/Info.plist";
				IPHONEOS_DEPLOYMENT_TARGET = 13.2;
				LD_RUNPATH_SEARCH_PATHS = (
					"$(inherited)",
					"@executable_path/Frameworks",
				);
				PRODUCT_BUNDLE_IDENTIFIER = "com.shwetansh.Artable-eCommerce";
				PRODUCT_NAME = "$(TARGET_NAME)";
				SWIFT_VERSION = 5.0;
				TARGETED_DEVICE_FAMILY = "1,2";
			};
			name = Release;
		};
		CD65B91B23F7233900DC09A9 /* Debug */ = {
			isa = XCBuildConfiguration;
			baseConfigurationReference = 5E48F26B96BDF349D3DF88E9 /* Pods-Artable-Admin.debug.xcconfig */;
			buildSettings = {
				ASSETCATALOG_COMPILER_APPICON_NAME = AppIcon;
				CODE_SIGN_STYLE = Automatic;
				INFOPLIST_FILE = "Artable-Admin/Info.plist";
				LD_RUNPATH_SEARCH_PATHS = (
					"$(inherited)",
					"@executable_path/Frameworks",
				);
				PRODUCT_BUNDLE_IDENTIFIER = "com.shwetansh.Artable-Admin";
				PRODUCT_NAME = "$(TARGET_NAME)";
				SWIFT_VERSION = 5.0;
				TARGETED_DEVICE_FAMILY = "1,2";
			};
			name = Debug;
		};
		CD65B91C23F7233900DC09A9 /* Release */ = {
			isa = XCBuildConfiguration;
			baseConfigurationReference = 96ACD4CED6628676E2325D58 /* Pods-Artable-Admin.release.xcconfig */;
			buildSettings = {
				ASSETCATALOG_COMPILER_APPICON_NAME = AppIcon;
				CODE_SIGN_STYLE = Automatic;
				INFOPLIST_FILE = "Artable-Admin/Info.plist";
				LD_RUNPATH_SEARCH_PATHS = (
					"$(inherited)",
					"@executable_path/Frameworks",
				);
				PRODUCT_BUNDLE_IDENTIFIER = "com.shwetansh.Artable-Admin";
				PRODUCT_NAME = "$(TARGET_NAME)";
				SWIFT_VERSION = 5.0;
				TARGETED_DEVICE_FAMILY = "1,2";
			};
			name = Release;
		};
/* End XCBuildConfiguration section */

/* Begin XCConfigurationList section */
		CD65B8E623F722A300DC09A9 /* Build configuration list for PBXProject "Artable eCommerce" */ = {
			isa = XCConfigurationList;
			buildConfigurations = (
				CD65B8FD23F722A500DC09A9 /* Debug */,
				CD65B8FE23F722A500DC09A9 /* Release */,
			);
			defaultConfigurationIsVisible = 0;
			defaultConfigurationName = Release;
		};
		CD65B8FF23F722A500DC09A9 /* Build configuration list for PBXNativeTarget "Artable eCommerce" */ = {
			isa = XCConfigurationList;
			buildConfigurations = (
				CD65B90023F722A500DC09A9 /* Debug */,
				CD65B90123F722A500DC09A9 /* Release */,
			);
			defaultConfigurationIsVisible = 0;
			defaultConfigurationName = Release;
		};
		CD65B91A23F7233900DC09A9 /* Build configuration list for PBXNativeTarget "Artable-Admin" */ = {
			isa = XCConfigurationList;
			buildConfigurations = (
				CD65B91B23F7233900DC09A9 /* Debug */,
				CD65B91C23F7233900DC09A9 /* Release */,
			);
			defaultConfigurationIsVisible = 0;
			defaultConfigurationName = Release;
		};
/* End XCConfigurationList section */
	};
	rootObject = CD65B8E323F722A300DC09A9 /* Project object */;
}
